// !$*UTF8*$!
{
	archiveVersion = 1;
	classes = {
	};
	objectVersion = 46;
	objects = {

/* Begin PBXBuildFile section */
		48549B601EC36EB70064EC36 /* AppDelegate.swift in Sources */ = {isa = PBXBuildFile; fileRef = 48549B5F1EC36EB70064EC36 /* AppDelegate.swift */; };
		48549B621EC36EB70064EC36 /* ViewController.swift in Sources */ = {isa = PBXBuildFile; fileRef = 48549B611EC36EB70064EC36 /* ViewController.swift */; };
		48549B651EC36EB70064EC36 /* Main.storyboard in Resources */ = {isa = PBXBuildFile; fileRef = 48549B631EC36EB70064EC36 /* Main.storyboard */; };
		48549B671EC36EB70064EC36 /* Assets.xcassets in Resources */ = {isa = PBXBuildFile; fileRef = 48549B661EC36EB70064EC36 /* Assets.xcassets */; };
		48549B6A1EC36EB70064EC36 /* LaunchScreen.storyboard in Resources */ = {isa = PBXBuildFile; fileRef = 48549B681EC36EB70064EC36 /* LaunchScreen.storyboard */; };
		48549B751EC36EB70064EC36 /* HandsFreeMessagingTests.swift in Sources */ = {isa = PBXBuildFile; fileRef = 48549B741EC36EB70064EC36 /* HandsFreeMessagingTests.swift */; };
		48549B801EC36EB70064EC36 /* HandsFreeMessagingUITests.swift in Sources */ = {isa = PBXBuildFile; fileRef = 48549B7F1EC36EB70064EC36 /* HandsFreeMessagingUITests.swift */; };
/* End PBXBuildFile section */

/* Begin PBXContainerItemProxy section */
		48549B711EC36EB70064EC36 /* PBXContainerItemProxy */ = {
			isa = PBXContainerItemProxy;
			containerPortal = 48549B541EC36EB70064EC36 /* Project object */;
			proxyType = 1;
			remoteGlobalIDString = 48549B5B1EC36EB70064EC36;
			remoteInfo = HandsFreeMessaging;
		};
		48549B7C1EC36EB70064EC36 /* PBXContainerItemProxy */ = {
			isa = PBXContainerItemProxy;
			containerPortal = 48549B541EC36EB70064EC36 /* Project object */;
			proxyType = 1;
			remoteGlobalIDString = 48549B5B1EC36EB70064EC36;
			remoteInfo = HandsFreeMessaging;
		};
/* End PBXContainerItemProxy section */

/* Begin PBXFileReference section */
		48549B5C1EC36EB70064EC36 /* HandsFreeMessaging.app */ = {isa = PBXFileReference; explicitFileType = wrapper.application; includeInIndex = 0; path = HandsFreeMessaging.app; sourceTree = BUILT_PRODUCTS_DIR; };
		48549B5F1EC36EB70064EC36 /* AppDelegate.swift */ = {isa = PBXFileReference; lastKnownFileType = sourcecode.swift; path = AppDelegate.swift; sourceTree = "<group>"; };
		48549B611EC36EB70064EC36 /* ViewController.swift */ = {isa = PBXFileReference; lastKnownFileType = sourcecode.swift; path = ViewController.swift; sourceTree = "<group>"; };
		48549B641EC36EB70064EC36 /* Base */ = {isa = PBXFileReference; lastKnownFileType = file.storyboard; name = Base; path = Base.lproj/Main.storyboard; sourceTree = "<group>"; };
		48549B661EC36EB70064EC36 /* Assets.xcassets */ = {isa = PBXFileReference; lastKnownFileType = folder.assetcatalog; path = Assets.xcassets; sourceTree = "<group>"; };
		48549B691EC36EB70064EC36 /* Base */ = {isa = PBXFileReference; lastKnownFileType = file.storyboard; name = Base; path = Base.lproj/LaunchScreen.storyboard; sourceTree = "<group>"; };
		48549B6B1EC36EB70064EC36 /* Info.plist */ = {isa = PBXFileReference; lastKnownFileType = text.plist.xml; path = Info.plist; sourceTree = "<group>"; };
		48549B701EC36EB70064EC36 /* HandsFreeMessagingTests.xctest */ = {isa = PBXFileReference; explicitFileType = wrapper.cfbundle; includeInIndex = 0; path = HandsFreeMessagingTests.xctest; sourceTree = BUILT_PRODUCTS_DIR; };
		48549B741EC36EB70064EC36 /* HandsFreeMessagingTests.swift */ = {isa = PBXFileReference; lastKnownFileType = sourcecode.swift; path = HandsFreeMessagingTests.swift; sourceTree = "<group>"; };
		48549B761EC36EB70064EC36 /* Info.plist */ = {isa = PBXFileReference; lastKnownFileType = text.plist.xml; path = Info.plist; sourceTree = "<group>"; };
		48549B7B1EC36EB70064EC36 /* HandsFreeMessagingUITests.xctest */ = {isa = PBXFileReference; explicitFileType = wrapper.cfbundle; includeInIndex = 0; path = HandsFreeMessagingUITests.xctest; sourceTree = BUILT_PRODUCTS_DIR; };
		48549B7F1EC36EB70064EC36 /* HandsFreeMessagingUITests.swift */ = {isa = PBXFileReference; lastKnownFileType = sourcecode.swift; path = HandsFreeMessagingUITests.swift; sourceTree = "<group>"; };
		48549B811EC36EB70064EC36 /* Info.plist */ = {isa = PBXFileReference; lastKnownFileType = text.plist.xml; path = Info.plist; sourceTree = "<group>"; };
/* End PBXFileReference section */

/* Begin PBXFrameworksBuildPhase section */
		48549B591EC36EB70064EC36 /* Frameworks */ = {
			isa = PBXFrameworksBuildPhase;
			buildActionMask = 2147483647;
			files = (
			);
			runOnlyForDeploymentPostprocessing = 0;
		};
		48549B6D1EC36EB70064EC36 /* Frameworks */ = {
			isa = PBXFrameworksBuildPhase;
			buildActionMask = 2147483647;
			files = (
			);
			runOnlyForDeploymentPostprocessing = 0;
		};
		48549B781EC36EB70064EC36 /* Frameworks */ = {
			isa = PBXFrameworksBuildPhase;
			buildActionMask = 2147483647;
			files = (
			);
			runOnlyForDeploymentPostprocessing = 0;
		};
/* End PBXFrameworksBuildPhase section */

/* Begin PBXGroup section */
		48549B531EC36EB70064EC36 = {
			isa = PBXGroup;
			children = (
				48549B5E1EC36EB70064EC36 /* HandsFreeMessaging */,
				48549B731EC36EB70064EC36 /* HandsFreeMessagingTests */,
				48549B7E1EC36EB70064EC36 /* HandsFreeMessagingUITests */,
				48549B5D1EC36EB70064EC36 /* Products */,
			);
			sourceTree = "<group>";
		};
		48549B5D1EC36EB70064EC36 /* Products */ = {
			isa = PBXGroup;
			children = (
				48549B5C1EC36EB70064EC36 /* HandsFreeMessaging.app */,
				48549B701EC36EB70064EC36 /* HandsFreeMessagingTests.xctest */,
				48549B7B1EC36EB70064EC36 /* HandsFreeMessagingUITests.xctest */,
			);
			name = Products;
			sourceTree = "<group>";
		};
		48549B5E1EC36EB70064EC36 /* HandsFreeMessaging */ = {
			isa = PBXGroup;
			children = (
				48549B5F1EC36EB70064EC36 /* AppDelegate.swift */,
				48549B611EC36EB70064EC36 /* ViewController.swift */,
				48549B631EC36EB70064EC36 /* Main.storyboard */,
				48549B661EC36EB70064EC36 /* Assets.xcassets */,
				48549B681EC36EB70064EC36 /* LaunchScreen.storyboard */,
				48549B6B1EC36EB70064EC36 /* Info.plist */,
			);
			path = HandsFreeMessaging;
			sourceTree = "<group>";
		};
		48549B731EC36EB70064EC36 /* HandsFreeMessagingTests */ = {
			isa = PBXGroup;
			children = (
				48549B741EC36EB70064EC36 /* HandsFreeMessagingTests.swift */,
				48549B761EC36EB70064EC36 /* Info.plist */,
			);
			path = HandsFreeMessagingTests;
			sourceTree = "<group>";
		};
		48549B7E1EC36EB70064EC36 /* HandsFreeMessagingUITests */ = {
			isa = PBXGroup;
			children = (
				48549B7F1EC36EB70064EC36 /* HandsFreeMessagingUITests.swift */,
				48549B811EC36EB70064EC36 /* Info.plist */,
			);
			path = HandsFreeMessagingUITests;
			sourceTree = "<group>";
		};
/* End PBXGroup section */

/* Begin PBXNativeTarget section */
		48549B5B1EC36EB70064EC36 /* HandsFreeMessaging */ = {
			isa = PBXNativeTarget;
			buildConfigurationList = 48549B841EC36EB70064EC36 /* Build configuration list for PBXNativeTarget "HandsFreeMessaging" */;
			buildPhases = (
				48549B581EC36EB70064EC36 /* Sources */,
				48549B591EC36EB70064EC36 /* Frameworks */,
				48549B5A1EC36EB70064EC36 /* Resources */,
			);
			buildRules = (
			);
			dependencies = (
			);
			name = HandsFreeMessaging;
			productName = HandsFreeMessaging;
			productReference = 48549B5C1EC36EB70064EC36 /* HandsFreeMessaging.app */;
			productType = "com.apple.product-type.application";
		};
		48549B6F1EC36EB70064EC36 /* HandsFreeMessagingTests */ = {
			isa = PBXNativeTarget;
			buildConfigurationList = 48549B871EC36EB70064EC36 /* Build configuration list for PBXNativeTarget "HandsFreeMessagingTests" */;
			buildPhases = (
				48549B6C1EC36EB70064EC36 /* Sources */,
				48549B6D1EC36EB70064EC36 /* Frameworks */,
				48549B6E1EC36EB70064EC36 /* Resources */,
			);
			buildRules = (
			);
			dependencies = (
				48549B721EC36EB70064EC36 /* PBXTargetDependency */,
			);
			name = HandsFreeMessagingTests;
			productName = HandsFreeMessagingTests;
			productReference = 48549B701EC36EB70064EC36 /* HandsFreeMessagingTests.xctest */;
			productType = "com.apple.product-type.bundle.unit-test";
		};
		48549B7A1EC36EB70064EC36 /* HandsFreeMessagingUITests */ = {
			isa = PBXNativeTarget;
			buildConfigurationList = 48549B8A1EC36EB70064EC36 /* Build configuration list for PBXNativeTarget "HandsFreeMessagingUITests" */;
			buildPhases = (
				48549B771EC36EB70064EC36 /* Sources */,
				48549B781EC36EB70064EC36 /* Frameworks */,
				48549B791EC36EB70064EC36 /* Resources */,
			);
			buildRules = (
			);
			dependencies = (
				48549B7D1EC36EB70064EC36 /* PBXTargetDependency */,
			);
			name = HandsFreeMessagingUITests;
			productName = HandsFreeMessagingUITests;
			productReference = 48549B7B1EC36EB70064EC36 /* HandsFreeMessagingUITests.xctest */;
			productType = "com.apple.product-type.bundle.ui-testing";
		};
/* End PBXNativeTarget section */

/* Begin PBXProject section */
		48549B541EC36EB70064EC36 /* Project object */ = {
			isa = PBXProject;
			attributes = {
				LastSwiftUpdateCheck = 0830;
				LastUpgradeCheck = 0830;
				ORGANIZATIONNAME = "Aditya Yadav";
				TargetAttributes = {
					48549B5B1EC36EB70064EC36 = {
						CreatedOnToolsVersion = 8.3.1;
						DevelopmentTeam = QL4DD46KZM;
						ProvisioningStyle = Automatic;
					};
					48549B6F1EC36EB70064EC36 = {
						CreatedOnToolsVersion = 8.3.1;
						DevelopmentTeam = QL4DD46KZM;
						ProvisioningStyle = Automatic;
						TestTargetID = 48549B5B1EC36EB70064EC36;
					};
					48549B7A1EC36EB70064EC36 = {
						CreatedOnToolsVersion = 8.3.1;
						DevelopmentTeam = QL4DD46KZM;
						ProvisioningStyle = Automatic;
						TestTargetID = 48549B5B1EC36EB70064EC36;
					};
				};
			};
			buildConfigurationList = 48549B571EC36EB70064EC36 /* Build configuration list for PBXProject "HandsFreeMessaging" */;
			compatibilityVersion = "Xcode 3.2";
			developmentRegion = English;
			hasScannedForEncodings = 0;
			knownRegions = (
				en,
				Base,
			);
			mainGroup = 48549B531EC36EB70064EC36;
			productRefGroup = 48549B5D1EC36EB70064EC36 /* Products */;
			projectDirPath = "";
			projectRoot = "";
			targets = (
				48549B5B1EC36EB70064EC36 /* HandsFreeMessaging */,
				48549B6F1EC36EB70064EC36 /* HandsFreeMessagingTests */,
				48549B7A1EC36EB70064EC36 /* HandsFreeMessagingUITests */,
			);
		};
/* End PBXProject section */

/* Begin PBXResourcesBuildPhase section */
		48549B5A1EC36EB70064EC36 /* Resources */ = {
			isa = PBXResourcesBuildPhase;
			buildActionMask = 2147483647;
			files = (
				48549B6A1EC36EB70064EC36 /* LaunchScreen.storyboard in Resources */,
				48549B671EC36EB70064EC36 /* Assets.xcassets in Resources */,
				48549B651EC36EB70064EC36 /* Main.storyboard in Resources */,
			);
			runOnlyForDeploymentPostprocessing = 0;
		};
		48549B6E1EC36EB70064EC36 /* Resources */ = {
			isa = PBXResourcesBuildPhase;
			buildActionMask = 2147483647;
			files = (
			);
			runOnlyForDeploymentPostprocessing = 0;
		};
		48549B791EC36EB70064EC36 /* Resources */ = {
			isa = PBXResourcesBuildPhase;
			buildActionMask = 2147483647;
			files = (
			);
			runOnlyForDeploymentPostprocessing = 0;
		};
/* End PBXResourcesBuildPhase section */

/* Begin PBXSourcesBuildPhase section */
		48549B581EC36EB70064EC36 /* Sources */ = {
			isa = PBXSourcesBuildPhase;
			buildActionMask = 2147483647;
			files = (
				48549B621EC36EB70064EC36 /* ViewController.swift in Sources */,
				48549B601EC36EB70064EC36 /* AppDelegate.swift in Sources */,
			);
			runOnlyForDeploymentPostprocessing = 0;
		};
		48549B6C1EC36EB70064EC36 /* Sources */ = {
			isa = PBXSourcesBuildPhase;
			buildActionMask = 2147483647;
			files = (
				48549B751EC36EB70064EC36 /* HandsFreeMessagingTests.swift in Sources */,
			);
			runOnlyForDeploymentPostprocessing = 0;
		};
		48549B771EC36EB70064EC36 /* Sources */ = {
			isa = PBXSourcesBuildPhase;
			buildActionMask = 2147483647;
			files = (
				48549B801EC36EB70064EC36 /* HandsFreeMessagingUITests.swift in Sources */,
			);
			runOnlyForDeploymentPostprocessing = 0;
		};
/* End PBXSourcesBuildPhase section */

/* Begin PBXTargetDependency section */
		48549B721EC36EB70064EC36 /* PBXTargetDependency */ = {
			isa = PBXTargetDependency;
			target = 48549B5B1EC36EB70064EC36 /* HandsFreeMessaging */;
			targetProxy = 48549B711EC36EB70064EC36 /* PBXContainerItemProxy */;
		};
		48549B7D1EC36EB70064EC36 /* PBXTargetDependency */ = {
			isa = PBXTargetDependency;
			target = 48549B5B1EC36EB70064EC36 /* HandsFreeMessaging */;
			targetProxy = 48549B7C1EC36EB70064EC36 /* PBXContainerItemProxy */;
		};
/* End PBXTargetDependency section */

/* Begin PBXVariantGroup section */
		48549B631EC36EB70064EC36 /* Main.storyboard */ = {
			isa = PBXVariantGroup;
			children = (
				48549B641EC36EB70064EC36 /* Base */,
			);
			name = Main.storyboard;
			sourceTree = "<group>";
		};
		48549B681EC36EB70064EC36 /* LaunchScreen.storyboard */ = {
			isa = PBXVariantGroup;
			children = (
				48549B691EC36EB70064EC36 /* Base */,
			);
			name = LaunchScreen.storyboard;
			sourceTree = "<group>";
		};
/* End PBXVariantGroup section */

/* Begin XCBuildConfiguration section */
		48549B821EC36EB70064EC36 /* Debug */ = {
			isa = XCBuildConfiguration;
			buildSettings = {
				ALWAYS_SEARCH_USER_PATHS = NO;
				CLANG_ANALYZER_NONNULL = YES;
				CLANG_ANALYZER_NUMBER_OBJECT_CONVERSION = YES_AGGRESSIVE;
				CLANG_CXX_LANGUAGE_STANDARD = "gnu++0x";
				CLANG_CXX_LIBRARY = "libc++";
				CLANG_ENABLE_MODULES = YES;
				CLANG_ENABLE_OBJC_ARC = YES;
				CLANG_WARN_BOOL_CONVERSION = YES;
				CLANG_WARN_CONSTANT_CONVERSION = YES;
				CLANG_WARN_DIRECT_OBJC_ISA_USAGE = YES_ERROR;
				CLANG_WARN_DOCUMENTATION_COMMENTS = YES;
				CLANG_WARN_EMPTY_BODY = YES;
				CLANG_WARN_ENUM_CONVERSION = YES;
				CLANG_WARN_INFINITE_RECURSION = YES;
				CLANG_WARN_INT_CONVERSION = YES;
				CLANG_WARN_OBJC_ROOT_CLASS = YES_ERROR;
				CLANG_WARN_SUSPICIOUS_MOVE = YES;
				CLANG_WARN_UNREACHABLE_CODE = YES;
				CLANG_WARN__DUPLICATE_METHOD_MATCH = YES;
				"CODE_SIGN_IDENTITY[sdk=iphoneos*]" = "iPhone Developer";
				COPY_PHASE_STRIP = NO;
				DEBUG_INFORMATION_FORMAT = dwarf;
				ENABLE_STRICT_OBJC_MSGSEND = YES;
				ENABLE_TESTABILITY = YES;
				GCC_C_LANGUAGE_STANDARD = gnu99;
				GCC_DYNAMIC_NO_PIC = NO;
				GCC_NO_COMMON_BLOCKS = YES;
				GCC_OPTIMIZATION_LEVEL = 0;
				GCC_PREPROCESSOR_DEFINITIONS = (
					"DEBUG=1",
					"$(inherited)",
				);
				GCC_WARN_64_TO_32_BIT_CONVERSION = YES;
				GCC_WARN_ABOUT_RETURN_TYPE = YES_ERROR;
				GCC_WARN_UNDECLARED_SELECTOR = YES;
				GCC_WARN_UNINITIALIZED_AUTOS = YES_AGGRESSIVE;
				GCC_WARN_UNUSED_FUNCTION = YES;
				GCC_WARN_UNUSED_VARIABLE = YES;
				IPHONEOS_DEPLOYMENT_TARGET = 10.3;
				MTL_ENABLE_DEBUG_INFO = YES;
				ONLY_ACTIVE_ARCH = YES;
				SDKROOT = iphoneos;
				SWIFT_ACTIVE_COMPILATION_CONDITIONS = DEBUG;
				SWIFT_OPTIMIZATION_LEVEL = "-Onone";
			};
			name = Debug;
		};
		48549B831EC36EB70064EC36 /* Release */ = {
			isa = XCBuildConfiguration;
			buildSettings = {
				ALWAYS_SEARCH_USER_PATHS = NO;
				CLANG_ANALYZER_NONNULL = YES;
				CLANG_ANALYZER_NUMBER_OBJECT_CONVERSION = YES_AGGRESSIVE;
				CLANG_CXX_LANGUAGE_STANDARD = "gnu++0x";
				CLANG_CXX_LIBRARY = "libc++";
				CLANG_ENABLE_MODULES = YES;
				CLANG_ENABLE_OBJC_ARC = YES;
				CLANG_WARN_BOOL_CONVERSION = YES;
				CLANG_WARN_CONSTANT_CONVERSION = YES;
				CLANG_WARN_DIRECT_OBJC_ISA_USAGE = YES_ERROR;
				CLANG_WARN_DOCUMENTATION_COMMENTS = YES;
				CLANG_WARN_EMPTY_BODY = YES;
				CLANG_WARN_ENUM_CONVERSION = YES;
				CLANG_WARN_INFINITE_RECURSION = YES;
				CLANG_WARN_INT_CONVERSION = YES;
				CLANG_WARN_OBJC_ROOT_CLASS = YES_ERROR;
				CLANG_WARN_SUSPICIOUS_MOVE = YES;
				CLANG_WARN_UNREACHABLE_CODE = YES;
				CLANG_WARN__DUPLICATE_METHOD_MATCH = YES;
				"CODE_SIGN_IDENTITY[sdk=iphoneos*]" = "iPhone Developer";
				COPY_PHASE_STRIP = NO;
				DEBUG_INFORMATION_FORMAT = "dwarf-with-dsym";
				ENABLE_NS_ASSERTIONS = NO;
				ENABLE_STRICT_OBJC_MSGSEND = YES;
				GCC_C_LANGUAGE_STANDARD = gnu99;
				GCC_NO_COMMON_BLOCKS = YES;
				GCC_WARN_64_TO_32_BIT_CONVERSION = YES;
				GCC_WARN_ABOUT_RETURN_TYPE = YES_ERROR;
				GCC_WARN_UNDECLARED_SELECTOR = YES;
				GCC_WARN_UNINITIALIZED_AUTOS = YES_AGGRESSIVE;
				GCC_WARN_UNUSED_FUNCTION = YES;
				GCC_WARN_UNUSED_VARIABLE = YES;
				IPHONEOS_DEPLOYMENT_TARGET = 10.3;
				MTL_ENABLE_DEBUG_INFO = NO;
				SDKROOT = iphoneos;
				SWIFT_OPTIMIZATION_LEVEL = "-Owholemodule";
				VALIDATE_PRODUCT = YES;
			};
			name = Release;
		};
		48549B851EC36EB70064EC36 /* Debug */ = {
			isa = XCBuildConfiguration;
			buildSettings = {
				ASSETCATALOG_COMPILER_APPICON_NAME = AppIcon;
				DEVELOPMENT_TEAM = QL4DD46KZM;
				INFOPLIST_FILE = HandsFreeMessaging/Info.plist;
				LD_RUNPATH_SEARCH_PATHS = "$(inherited) @executable_path/Frameworks";
				PRODUCT_BUNDLE_IDENTIFIER = com.HandsFreeMessaging;
				PRODUCT_NAME = "$(TARGET_NAME)";
				SWIFT_VERSION = 3.0;
			};
			name = Debug;
		};
		48549B861EC36EB70064EC36 /* Release */ = {
			isa = XCBuildConfiguration;
			buildSettings = {
				ASSETCATALOG_COMPILER_APPICON_NAME = AppIcon;
				DEVELOPMENT_TEAM = QL4DD46KZM;
				INFOPLIST_FILE = HandsFreeMessaging/Info.plist;
				LD_RUNPATH_SEARCH_PATHS = "$(inherited) @executable_path/Frameworks";
				PRODUCT_BUNDLE_IDENTIFIER = com.HandsFreeMessaging;
				PRODUCT_NAME = "$(TARGET_NAME)";
				SWIFT_VERSION = 3.0;
			};
			name = Release;
		};
		48549B881EC36EB70064EC36 /* Debug */ = {
			isa = XCBuildConfiguration;
			buildSettings = {
				ALWAYS_EMBED_SWIFT_STANDARD_LIBRARIES = YES;
				BUNDLE_LOADER = "$(TEST_HOST)";
				DEVELOPMENT_TEAM = QL4DD46KZM;
				INFOPLIST_FILE = HandsFreeMessagingTests/Info.plist;
				LD_RUNPATH_SEARCH_PATHS = "$(inherited) @executable_path/Frameworks @loader_path/Frameworks";
				PRODUCT_BUNDLE_IDENTIFIER = com.HandsFreeMessagingTests;
				PRODUCT_NAME = "$(TARGET_NAME)";
				SWIFT_VERSION = 3.0;
				TEST_HOST = "$(BUILT_PRODUCTS_DIR)/HandsFreeMessaging.app/HandsFreeMessaging";
			};
			name = Debug;
		};
		48549B891EC36EB70064EC36 /* Release */ = {
			isa = XCBuildConfiguration;
			buildSettings = {
				ALWAYS_EMBED_SWIFT_STANDARD_LIBRARIES = YES;
				BUNDLE_LOADER = "$(TEST_HOST)";
				DEVELOPMENT_TEAM = QL4DD46KZM;
				INFOPLIST_FILE = HandsFreeMessagingTests/Info.plist;
				LD_RUNPATH_SEARCH_PATHS = "$(inherited) @executable_path/Frameworks @loader_path/Frameworks";
				PRODUCT_BUNDLE_IDENTIFIER = com.HandsFreeMessagingTests;
				PRODUCT_NAME = "$(TARGET_NAME)";
				SWIFT_VERSION = 3.0;
				TEST_HOST = "$(BUILT_PRODUCTS_DIR)/HandsFreeMessaging.app/HandsFreeMessaging";
			};
			name = Release;
		};
		48549B8B1EC36EB70064EC36 /* Debug */ = {
			isa = XCBuildConfiguration;
			buildSettings = {
				ALWAYS_EMBED_SWIFT_STANDARD_LIBRARIES = YES;
				DEVELOPMENT_TEAM = QL4DD46KZM;
				INFOPLIST_FILE = HandsFreeMessagingUITests/Info.plist;
				LD_RUNPATH_SEARCH_PATHS = "$(inherited) @executable_path/Frameworks @loader_path/Frameworks";
				PRODUCT_BUNDLE_IDENTIFIER = com.HandsFreeMessagingUITests;
				PRODUCT_NAME = "$(TARGET_NAME)";
				SWIFT_VERSION = 3.0;
				TEST_TARGET_NAME = HandsFreeMessaging;
			};
			name = Debug;
		};
		48549B8C1EC36EB70064EC36 /* Release */ = {
			isa = XCBuildConfiguration;
			buildSettings = {
				ALWAYS_EMBED_SWIFT_STANDARD_LIBRARIES = YES;
				DEVELOPMENT_TEAM = QL4DD46KZM;
				INFOPLIST_FILE = HandsFreeMessagingUITests/Info.plist;
				LD_RUNPATH_SEARCH_PATHS = "$(inherited) @executable_path/Frameworks @loader_path/Frameworks";
				PRODUCT_BUNDLE_IDENTIFIER = com.HandsFreeMessagingUITests;
				PRODUCT_NAME = "$(TARGET_NAME)";
				SWIFT_VERSION = 3.0;
				TEST_TARGET_NAME = HandsFreeMessaging;
			};
			name = Release;
		};
/* End XCBuildConfiguration section */

/* Begin XCConfigurationList section */
		48549B571EC36EB70064EC36 /* Build configuration list for PBXProject "HandsFreeMessaging" */ = {
			isa = XCConfigurationList;
			buildConfigurations = (
				48549B821EC36EB70064EC36 /* Debug */,
				48549B831EC36EB70064EC36 /* Release */,
			);
			defaultConfigurationIsVisible = 0;
			defaultConfigurationName = Release;
		};
		48549B841EC36EB70064EC36 /* Build configuration list for PBXNativeTarget "HandsFreeMessaging" */ = {
			isa = XCConfigurationList;
			buildConfigurations = (
				48549B851EC36EB70064EC36 /* Debug */,
				48549B861EC36EB70064EC36 /* Release */,
			);
			defaultConfigurationIsVisible = 0;
		};
		48549B871EC36EB70064EC36 /* Build configuration list for PBXNativeTarget "HandsFreeMessagingTests" */ = {
			isa = XCConfigurationList;
			buildConfigurations = (
				48549B881EC36EB70064EC36 /* Debug */,
				48549B891EC36EB70064EC36 /* Release */,
			);
			defaultConfigurationIsVisible = 0;
		};
		48549B8A1EC36EB70064EC36 /* Build configuration list for PBXNativeTarget "HandsFreeMessagingUITests" */ = {
			isa = XCConfigurationList;
			buildConfigurations = (
				48549B8B1EC36EB70064EC36 /* Debug */,
				48549B8C1EC36EB70064EC36 /* Release */,
			);
			defaultConfigurationIsVisible = 0;
		};
/* End XCConfigurationList section */
	};
	rootObject = 48549B541EC36EB70064EC36 /* Project object */;
}
